// !$*UTF8*$!
{
	archiveVersion = 1;
	classes = {
	};
	objectVersion = 50;
	objects = {

/* Begin PBXBuildFile section */
		9253EB2E21AE8B5B000EEB24 /* AppDelegate.m in Sources */ = {isa = PBXBuildFile; fileRef = 9253EB2D21AE8B5B000EEB24 /* AppDelegate.m */; };
		9253EB3121AE8B5B000EEB24 /* ViewController.m in Sources */ = {isa = PBXBuildFile; fileRef = 9253EB3021AE8B5B000EEB24 /* ViewController.m */; };
		9253EB3421AE8B5B000EEB24 /* Main.storyboard in Resources */ = {isa = PBXBuildFile; fileRef = 9253EB3221AE8B5B000EEB24 /* Main.storyboard */; };
		9253EB3621AE8B5D000EEB24 /* Assets.xcassets in Resources */ = {isa = PBXBuildFile; fileRef = 9253EB3521AE8B5D000EEB24 /* Assets.xcassets */; };
		9253EB3921AE8B5D000EEB24 /* LaunchScreen.storyboard in Resources */ = {isa = PBXBuildFile; fileRef = 9253EB3721AE8B5D000EEB24 /* LaunchScreen.storyboard */; };
		9253EB3C21AE8B5D000EEB24 /* main.m in Sources */ = {isa = PBXBuildFile; fileRef = 9253EB3B21AE8B5D000EEB24 /* main.m */; };
		9253EB4621AE8B5D000EEB24 /* DJPlayerTests.m in Sources */ = {isa = PBXBuildFile; fileRef = 9253EB4521AE8B5D000EEB24 /* DJPlayerTests.m */; };
		9253EB5121AE8B5D000EEB24 /* DJPlayerUITests.m in Sources */ = {isa = PBXBuildFile; fileRef = 9253EB5021AE8B5D000EEB24 /* DJPlayerUITests.m */; };
/* End PBXBuildFile section */

/* Begin PBXContainerItemProxy section */
		9253EB4221AE8B5D000EEB24 /* PBXContainerItemProxy */ = {
			isa = PBXContainerItemProxy;
			containerPortal = 9253EB2121AE8B5B000EEB24 /* Project object */;
			proxyType = 1;
			remoteGlobalIDString = 9253EB2821AE8B5B000EEB24;
			remoteInfo = DJPlayer;
		};
		9253EB4D21AE8B5D000EEB24 /* PBXContainerItemProxy */ = {
			isa = PBXContainerItemProxy;
			containerPortal = 9253EB2121AE8B5B000EEB24 /* Project object */;
			proxyType = 1;
			remoteGlobalIDString = 9253EB2821AE8B5B000EEB24;
			remoteInfo = DJPlayer;
		};
/* End PBXContainerItemProxy section */

/* Begin PBXFileReference section */
		9253EB2921AE8B5B000EEB24 /* DJPlayer.app */ = {isa = PBXFileReference; explicitFileType = wrapper.application; includeInIndex = 0; path = DJPlayer.app; sourceTree = BUILT_PRODUCTS_DIR; };
		9253EB2C21AE8B5B000EEB24 /* AppDelegate.h */ = {isa = PBXFileReference; lastKnownFileType = sourcecode.c.h; path = AppDelegate.h; sourceTree = "<group>"; };
		9253EB2D21AE8B5B000EEB24 /* AppDelegate.m */ = {isa = PBXFileReference; lastKnownFileType = sourcecode.c.objc; path = AppDelegate.m; sourceTree = "<group>"; };
		9253EB2F21AE8B5B000EEB24 /* ViewController.h */ = {isa = PBXFileReference; lastKnownFileType = sourcecode.c.h; path = ViewController.h; sourceTree = "<group>"; };
		9253EB3021AE8B5B000EEB24 /* ViewController.m */ = {isa = PBXFileReference; lastKnownFileType = sourcecode.c.objc; path = ViewController.m; sourceTree = "<group>"; };
		9253EB3321AE8B5B000EEB24 /* Base */ = {isa = PBXFileReference; lastKnownFileType = file.storyboard; name = Base; path = Base.lproj/Main.storyboard; sourceTree = "<group>"; };
		9253EB3521AE8B5D000EEB24 /* Assets.xcassets */ = {isa = PBXFileReference; lastKnownFileType = folder.assetcatalog; path = Assets.xcassets; sourceTree = "<group>"; };
		9253EB3821AE8B5D000EEB24 /* Base */ = {isa = PBXFileReference; lastKnownFileType = file.storyboard; name = Base; path = Base.lproj/LaunchScreen.storyboard; sourceTree = "<group>"; };
		9253EB3A21AE8B5D000EEB24 /* Info.plist */ = {isa = PBXFileReference; lastKnownFileType = text.plist.xml; path = Info.plist; sourceTree = "<group>"; };
		9253EB3B21AE8B5D000EEB24 /* main.m */ = {isa = PBXFileReference; lastKnownFileType = sourcecode.c.objc; path = main.m; sourceTree = "<group>"; };
		9253EB4121AE8B5D000EEB24 /* DJPlayerTests.xctest */ = {isa = PBXFileReference; explicitFileType = wrapper.cfbundle; includeInIndex = 0; path = DJPlayerTests.xctest; sourceTree = BUILT_PRODUCTS_DIR; };
		9253EB4521AE8B5D000EEB24 /* DJPlayerTests.m */ = {isa = PBXFileReference; lastKnownFileType = sourcecode.c.objc; path = DJPlayerTests.m; sourceTree = "<group>"; };
		9253EB4721AE8B5D000EEB24 /* Info.plist */ = {isa = PBXFileReference; lastKnownFileType = text.plist.xml; path = Info.plist; sourceTree = "<group>"; };
		9253EB4C21AE8B5D000EEB24 /* DJPlayerUITests.xctest */ = {isa = PBXFileReference; explicitFileType = wrapper.cfbundle; includeInIndex = 0; path = DJPlayerUITests.xctest; sourceTree = BUILT_PRODUCTS_DIR; };
		9253EB5021AE8B5D000EEB24 /* DJPlayerUITests.m */ = {isa = PBXFileReference; lastKnownFileType = sourcecode.c.objc; path = DJPlayerUITests.m; sourceTree = "<group>"; };
		9253EB5221AE8B5D000EEB24 /* Info.plist */ = {isa = PBXFileReference; lastKnownFileType = text.plist.xml; path = Info.plist; sourceTree = "<group>"; };
/* End PBXFileReference section */

/* Begin PBXFrameworksBuildPhase section */
		9253EB2621AE8B5B000EEB24 /* Frameworks */ = {
			isa = PBXFrameworksBuildPhase;
			buildActionMask = 2147483647;
			files = (
			);
			runOnlyForDeploymentPostprocessing = 0;
		};
		9253EB3E21AE8B5D000EEB24 /* Frameworks */ = {
			isa = PBXFrameworksBuildPhase;
			buildActionMask = 2147483647;
			files = (
			);
			runOnlyForDeploymentPostprocessing = 0;
		};
		9253EB4921AE8B5D000EEB24 /* Frameworks */ = {
			isa = PBXFrameworksBuildPhase;
			buildActionMask = 2147483647;
			files = (
			);
			runOnlyForDeploymentPostprocessing = 0;
		};
/* End PBXFrameworksBuildPhase section */

/* Begin PBXGroup section */
		9253EB2021AE8B5B000EEB24 = {
			isa = PBXGroup;
			children = (
				9253EB2B21AE8B5B000EEB24 /* DJPlayer */,
				9253EB4421AE8B5D000EEB24 /* DJPlayerTests */,
				9253EB4F21AE8B5D000EEB24 /* DJPlayerUITests */,
				9253EB2A21AE8B5B000EEB24 /* Products */,
			);
			sourceTree = "<group>";
		};
		9253EB2A21AE8B5B000EEB24 /* Products */ = {
			isa = PBXGroup;
			children = (
				9253EB2921AE8B5B000EEB24 /* DJPlayer.app */,
				9253EB4121AE8B5D000EEB24 /* DJPlayerTests.xctest */,
				9253EB4C21AE8B5D000EEB24 /* DJPlayerUITests.xctest */,
			);
			name = Products;
			sourceTree = "<group>";
		};
		9253EB2B21AE8B5B000EEB24 /* DJPlayer */ = {
			isa = PBXGroup;
			children = (
				9253EB2C21AE8B5B000EEB24 /* AppDelegate.h */,
				9253EB2D21AE8B5B000EEB24 /* AppDelegate.m */,
				9253EB2F21AE8B5B000EEB24 /* ViewController.h */,
				9253EB3021AE8B5B000EEB24 /* ViewController.m */,
				9253EB3221AE8B5B000EEB24 /* Main.storyboard */,
				9253EB3521AE8B5D000EEB24 /* Assets.xcassets */,
				9253EB3721AE8B5D000EEB24 /* LaunchScreen.storyboard */,
				9253EB3A21AE8B5D000EEB24 /* Info.plist */,
				9253EB3B21AE8B5D000EEB24 /* main.m */,
			);
			path = DJPlayer;
			sourceTree = "<group>";
		};
		9253EB4421AE8B5D000EEB24 /* DJPlayerTests */ = {
			isa = PBXGroup;
			children = (
				9253EB4521AE8B5D000EEB24 /* DJPlayerTests.m */,
				9253EB4721AE8B5D000EEB24 /* Info.plist */,
			);
			path = DJPlayerTests;
			sourceTree = "<group>";
		};
		9253EB4F21AE8B5D000EEB24 /* DJPlayerUITests */ = {
			isa = PBXGroup;
			children = (
				9253EB5021AE8B5D000EEB24 /* DJPlayerUITests.m */,
				9253EB5221AE8B5D000EEB24 /* Info.plist */,
			);
			path = DJPlayerUITests;
			sourceTree = "<group>";
		};
/* End PBXGroup section */

/* Begin PBXNativeTarget section */
		9253EB2821AE8B5B000EEB24 /* DJPlayer */ = {
			isa = PBXNativeTarget;
			buildConfigurationList = 9253EB5521AE8B5D000EEB24 /* Build configuration list for PBXNativeTarget "DJPlayer" */;
			buildPhases = (
				9253EB2521AE8B5B000EEB24 /* Sources */,
				9253EB2621AE8B5B000EEB24 /* Frameworks */,
				9253EB2721AE8B5B000EEB24 /* Resources */,
			);
			buildRules = (
			);
			dependencies = (
			);
			name = DJPlayer;
			productName = DJPlayer;
			productReference = 9253EB2921AE8B5B000EEB24 /* DJPlayer.app */;
			productType = "com.apple.product-type.application";
		};
		9253EB4021AE8B5D000EEB24 /* DJPlayerTests */ = {
			isa = PBXNativeTarget;
			buildConfigurationList = 9253EB5821AE8B5D000EEB24 /* Build configuration list for PBXNativeTarget "DJPlayerTests" */;
			buildPhases = (
				9253EB3D21AE8B5D000EEB24 /* Sources */,
				9253EB3E21AE8B5D000EEB24 /* Frameworks */,
				9253EB3F21AE8B5D000EEB24 /* Resources */,
			);
			buildRules = (
			);
			dependencies = (
				9253EB4321AE8B5D000EEB24 /* PBXTargetDependency */,
			);
			name = DJPlayerTests;
			productName = DJPlayerTests;
			productReference = 9253EB4121AE8B5D000EEB24 /* DJPlayerTests.xctest */;
			productType = "com.apple.product-type.bundle.unit-test";
		};
		9253EB4B21AE8B5D000EEB24 /* DJPlayerUITests */ = {
			isa = PBXNativeTarget;
			buildConfigurationList = 9253EB5B21AE8B5D000EEB24 /* Build configuration list for PBXNativeTarget "DJPlayerUITests" */;
			buildPhases = (
				9253EB4821AE8B5D000EEB24 /* Sources */,
				9253EB4921AE8B5D000EEB24 /* Frameworks */,
				9253EB4A21AE8B5D000EEB24 /* Resources */,
			);
			buildRules = (
			);
			dependencies = (
				9253EB4E21AE8B5D000EEB24 /* PBXTargetDependency */,
			);
			name = DJPlayerUITests;
			productName = DJPlayerUITests;
			productReference = 9253EB4C21AE8B5D000EEB24 /* DJPlayerUITests.xctest */;
			productType = "com.apple.product-type.bundle.ui-testing";
		};
/* End PBXNativeTarget section */

/* Begin PBXProject section */
		9253EB2121AE8B5B000EEB24 /* Project object */ = {
			isa = PBXProject;
			attributes = {
				LastUpgradeCheck = 0940;
				ORGANIZATIONNAME = Lenny;
				TargetAttributes = {
					9253EB2821AE8B5B000EEB24 = {
						CreatedOnToolsVersion = 9.4.1;
					};
					9253EB4021AE8B5D000EEB24 = {
						CreatedOnToolsVersion = 9.4.1;
						TestTargetID = 9253EB2821AE8B5B000EEB24;
					};
					9253EB4B21AE8B5D000EEB24 = {
						CreatedOnToolsVersion = 9.4.1;
						TestTargetID = 9253EB2821AE8B5B000EEB24;
					};
				};
			};
			buildConfigurationList = 9253EB2421AE8B5B000EEB24 /* Build configuration list for PBXProject "DJPlayer" */;
			compatibilityVersion = "Xcode 9.3";
			developmentRegion = en;
			hasScannedForEncodings = 0;
			knownRegions = (
				en,
				Base,
			);
			mainGroup = 9253EB2021AE8B5B000EEB24;
			productRefGroup = 9253EB2A21AE8B5B000EEB24 /* Products */;
			projectDirPath = "";
			projectRoot = "";
			targets = (
				9253EB2821AE8B5B000EEB24 /* DJPlayer */,
				9253EB4021AE8B5D000EEB24 /* DJPlayerTests */,
				9253EB4B21AE8B5D000EEB24 /* DJPlayerUITests */,
			);
		};
/* End PBXProject section */

/* Begin PBXResourcesBuildPhase section */
		9253EB2721AE8B5B000EEB24 /* Resources */ = {
			isa = PBXResourcesBuildPhase;
			buildActionMask = 2147483647;
			files = (
				9253EB3921AE8B5D000EEB24 /* LaunchScreen.storyboard in Resources */,
				9253EB3621AE8B5D000EEB24 /* Assets.xcassets in Resources */,
				9253EB3421AE8B5B000EEB24 /* Main.storyboard in Resources */,
			);
			runOnlyForDeploymentPostprocessing = 0;
		};
		9253EB3F21AE8B5D000EEB24 /* Resources */ = {
			isa = PBXResourcesBuildPhase;
			buildActionMask = 2147483647;
			files = (
			);
			runOnlyForDeploymentPostprocessing = 0;
		};
		9253EB4A21AE8B5D000EEB24 /* Resources */ = {
			isa = PBXResourcesBuildPhase;
			buildActionMask = 2147483647;
			files = (
			);
			runOnlyForDeploymentPostprocessing = 0;
		};
/* End PBXResourcesBuildPhase section */

/* Begin PBXSourcesBuildPhase section */
		9253EB2521AE8B5B000EEB24 /* Sources */ = {
			isa = PBXSourcesBuildPhase;
			buildActionMask = 2147483647;
			files = (
				9253EB3121AE8B5B000EEB24 /* ViewController.m in Sources */,
				9253EB3C21AE8B5D000EEB24 /* main.m in Sources */,
				9253EB2E21AE8B5B000EEB24 /* AppDelegate.m in Sources */,
			);
			runOnlyForDeploymentPostprocessing = 0;
		};
		9253EB3D21AE8B5D000EEB24 /* Sources */ = {
			isa = PBXSourcesBuildPhase;
			buildActionMask = 2147483647;
			files = (
				9253EB4621AE8B5D000EEB24 /* DJPlayerTests.m in Sources */,
			);
			runOnlyForDeploymentPostprocessing = 0;
		};
		9253EB4821AE8B5D000EEB24 /* Sources */ = {
			isa = PBXSourcesBuildPhase;
			buildActionMask = 2147483647;
			files = (
				9253EB5121AE8B5D000EEB24 /* DJPlayerUITests.m in Sources */,
			);
			runOnlyForDeploymentPostprocessing = 0;
		};
/* End PBXSourcesBuildPhase section */

/* Begin PBXTargetDependency section */
		9253EB4321AE8B5D000EEB24 /* PBXTargetDependency */ = {
			isa = PBXTargetDependency;
			target = 9253EB2821AE8B5B000EEB24 /* DJPlayer */;
			targetProxy = 9253EB4221AE8B5D000EEB24 /* PBXContainerItemProxy */;
		};
		9253EB4E21AE8B5D000EEB24 /* PBXTargetDependency */ = {
			isa = PBXTargetDependency;
			target = 9253EB2821AE8B5B000EEB24 /* DJPlayer */;
			targetProxy = 9253EB4D21AE8B5D000EEB24 /* PBXContainerItemProxy */;
		};
/* End PBXTargetDependency section */

/* Begin PBXVariantGroup section */
		9253EB3221AE8B5B000EEB24 /* Main.storyboard */ = {
			isa = PBXVariantGroup;
			children = (
				9253EB3321AE8B5B000EEB24 /* Base */,
			);
			name = Main.storyboard;
			sourceTree = "<group>";
		};
		9253EB3721AE8B5D000EEB24 /* LaunchScreen.storyboard */ = {
			isa = PBXVariantGroup;
			children = (
				9253EB3821AE8B5D000EEB24 /* Base */,
			);
			name = LaunchScreen.storyboard;
			sourceTree = "<group>";
		};
/* End PBXVariantGroup section */

/* Begin XCBuildConfiguration section */
		9253EB5321AE8B5D000EEB24 /* Debug */ = {
			isa = XCBuildConfiguration;
			buildSettings = {
				ALWAYS_SEARCH_USER_PATHS = NO;
				CLANG_ANALYZER_NONNULL = YES;
				CLANG_ANALYZER_NUMBER_OBJECT_CONVERSION = YES_AGGRESSIVE;
				CLANG_CXX_LANGUAGE_STANDARD = "gnu++14";
				CLANG_CXX_LIBRARY = "libc++";
				CLANG_ENABLE_MODULES = YES;
				CLANG_ENABLE_OBJC_ARC = YES;
				CLANG_ENABLE_OBJC_WEAK = YES;
				CLANG_WARN_BLOCK_CAPTURE_AUTORELEASING = YES;
				CLANG_WARN_BOOL_CONVERSION = YES;
				CLANG_WARN_COMMA = YES;
				CLANG_WARN_CONSTANT_CONVERSION = YES;
				CLANG_WARN_DEPRECATED_OBJC_IMPLEMENTATIONS = YES;
				CLANG_WARN_DIRECT_OBJC_ISA_USAGE = YES_ERROR;
				CLANG_WARN_DOCUMENTATION_COMMENTS = YES;
				CLANG_WARN_EMPTY_BODY = YES;
				CLANG_WARN_ENUM_CONVERSION = YES;
				CLANG_WARN_INFINITE_RECURSION = YES;
				CLANG_WARN_INT_CONVERSION = YES;
				CLANG_WARN_NON_LITERAL_NULL_CONVERSION = YES;
				CLANG_WARN_OBJC_IMPLICIT_RETAIN_SELF = YES;
				CLANG_WARN_OBJC_LITERAL_CONVERSION = YES;
				CLANG_WARN_OBJC_ROOT_CLASS = YES_ERROR;
				CLANG_WARN_RANGE_LOOP_ANALYSIS = YES;
				CLANG_WARN_STRICT_PROTOTYPES = YES;
				CLANG_WARN_SUSPICIOUS_MOVE = YES;
				CLANG_WARN_UNGUARDED_AVAILABILITY = YES_AGGRESSIVE;
				CLANG_WARN_UNREACHABLE_CODE = YES;
				CLANG_WARN__DUPLICATE_METHOD_MATCH = YES;
				CODE_SIGN_IDENTITY = "iPhone Developer";
				COPY_PHASE_STRIP = NO;
				DEBUG_INFORMATION_FORMAT = dwarf;
				ENABLE_STRICT_OBJC_MSGSEND = YES;
				ENABLE_TESTABILITY = YES;
				GCC_C_LANGUAGE_STANDARD = gnu11;
				GCC_DYNAMIC_NO_PIC = NO;
				GCC_NO_COMMON_BLOCKS = YES;
				GCC_OPTIMIZATION_LEVEL = 0;
				GCC_PREPROCESSOR_DEFINITIONS = (
					"DEBUG=1",
					"$(inherited)",
				);
				GCC_WARN_64_TO_32_BIT_CONVERSION = YES;
				GCC_WARN_ABOUT_RETURN_TYPE = YES_ERROR;
				GCC_WARN_UNDECLARED_SELECTOR = YES;
				GCC_WARN_UNINITIALIZED_AUTOS = YES_AGGRESSIVE;
				GCC_WARN_UNUSED_FUNCTION = YES;
				GCC_WARN_UNUSED_VARIABLE = YES;
				IPHONEOS_DEPLOYMENT_TARGET = 11.4;
				MTL_ENABLE_DEBUG_INFO = YES;
				ONLY_ACTIVE_ARCH = YES;
				SDKROOT = iphoneos;
			};
			name = Debug;
		};
		9253EB5421AE8B5D000EEB24 /* Release */ = {
			isa = XCBuildConfiguration;
			buildSettings = {
				ALWAYS_SEARCH_USER_PATHS = NO;
				CLANG_ANALYZER_NONNULL = YES;
				CLANG_ANALYZER_NUMBER_OBJECT_CONVERSION = YES_AGGRESSIVE;
				CLANG_CXX_LANGUAGE_STANDARD = "gnu++14";
				CLANG_CXX_LIBRARY = "libc++";
				CLANG_ENABLE_MODULES = YES;
				CLANG_ENABLE_OBJC_ARC = YES;
				CLANG_ENABLE_OBJC_WEAK = YES;
				CLANG_WARN_BLOCK_CAPTURE_AUTORELEASING = YES;
				CLANG_WARN_BOOL_CONVERSION = YES;
				CLANG_WARN_COMMA = YES;
				CLANG_WARN_CONSTANT_CONVERSION = YES;
				CLANG_WARN_DEPRECATED_OBJC_IMPLEMENTATIONS = YES;
				CLANG_WARN_DIRECT_OBJC_ISA_USAGE = YES_ERROR;
				CLANG_WARN_DOCUMENTATION_COMMENTS = YES;
				CLANG_WARN_EMPTY_BODY = YES;
				CLANG_WARN_ENUM_CONVERSION = YES;
				CLANG_WARN_INFINITE_RECURSION = YES;
				CLANG_WARN_INT_CONVERSION = YES;
				CLANG_WARN_NON_LITERAL_NULL_CONVERSION = YES;
				CLANG_WARN_OBJC_IMPLICIT_RETAIN_SELF = YES;
				CLANG_WARN_OBJC_LITERAL_CONVERSION = YES;
				CLANG_WARN_OBJC_ROOT_CLASS = YES_ERROR;
				CLANG_WARN_RANGE_LOOP_ANALYSIS = YES;
				CLANG_WARN_STRICT_PROTOTYPES = YES;
				CLANG_WARN_SUSPICIOUS_MOVE = YES;
				CLANG_WARN_UNGUARDED_AVAILABILITY = YES_AGGRESSIVE;
				CLANG_WARN_UNREACHABLE_CODE = YES;
				CLANG_WARN__DUPLICATE_METHOD_MATCH = YES;
				CODE_SIGN_IDENTITY = "iPhone Developer";
				COPY_PHASE_STRIP = NO;
				DEBUG_INFORMATION_FORMAT = "dwarf-with-dsym";
				ENABLE_NS_ASSERTIONS = NO;
				ENABLE_STRICT_OBJC_MSGSEND = YES;
				GCC_C_LANGUAGE_STANDARD = gnu11;
				GCC_NO_COMMON_BLOCKS = YES;
				GCC_WARN_64_TO_32_BIT_CONVERSION = YES;
				GCC_WARN_ABOUT_RETURN_TYPE = YES_ERROR;
				GCC_WARN_UNDECLARED_SELECTOR = YES;
				GCC_WARN_UNINITIALIZED_AUTOS = YES_AGGRESSIVE;
				GCC_WARN_UNUSED_FUNCTION = YES;
				GCC_WARN_UNUSED_VARIABLE = YES;
				IPHONEOS_DEPLOYMENT_TARGET = 11.4;
				MTL_ENABLE_DEBUG_INFO = NO;
				SDKROOT = iphoneos;
				VALIDATE_PRODUCT = YES;
			};
			name = Release;
		};
		9253EB5621AE8B5D000EEB24 /* Debug */ = {
			isa = XCBuildConfiguration;
			buildSettings = {
				ASSETCATALOG_COMPILER_APPICON_NAME = AppIcon;
				CODE_SIGN_STYLE = Automatic;
				INFOPLIST_FILE = DJPlayer/Info.plist;
				LD_RUNPATH_SEARCH_PATHS = (
					"$(inherited)",
					"@executable_path/Frameworks",
				);
				PRODUCT_BUNDLE_IDENTIFIER = test.DJPlayer;
				PRODUCT_NAME = "$(TARGET_NAME)";
				TARGETED_DEVICE_FAMILY = "1,2";
			};
			name = Debug;
		};
		9253EB5721AE8B5D000EEB24 /* Release */ = {
			isa = XCBuildConfiguration;
			buildSettings = {
				ASSETCATALOG_COMPILER_APPICON_NAME = AppIcon;
				CODE_SIGN_STYLE = Automatic;
				INFOPLIST_FILE = DJPlayer/Info.plist;
				LD_RUNPATH_SEARCH_PATHS = (
					"$(inherited)",
					"@executable_path/Frameworks",
				);
				PRODUCT_BUNDLE_IDENTIFIER = test.DJPlayer;
				PRODUCT_NAME = "$(TARGET_NAME)";
				TARGETED_DEVICE_FAMILY = "1,2";
			};
			name = Release;
		};
		9253EB5921AE8B5D000EEB24 /* Debug */ = {
			isa = XCBuildConfiguration;
			buildSettings = {
				BUNDLE_LOADER = "$(TEST_HOST)";
				CODE_SIGN_STYLE = Automatic;
				INFOPLIST_FILE = DJPlayerTests/Info.plist;
				LD_RUNPATH_SEARCH_PATHS = (
					"$(inherited)",
					"@executable_path/Frameworks",
					"@loader_path/Frameworks",
				);
				PRODUCT_BUNDLE_IDENTIFIER = test.DJPlayerTests;
				PRODUCT_NAME = "$(TARGET_NAME)";
				TARGETED_DEVICE_FAMILY = "1,2";
				TEST_HOST = "$(BUILT_PRODUCTS_DIR)/DJPlayer.app/DJPlayer";
			};
			name = Debug;
		};
		9253EB5A21AE8B5D000EEB24 /* Release */ = {
			isa = XCBuildConfiguration;
			buildSettings = {
				BUNDLE_LOADER = "$(TEST_HOST)";
				CODE_SIGN_STYLE = Automatic;
				INFOPLIST_FILE = DJPlayerTests/Info.plist;
				LD_RUNPATH_SEARCH_PATHS = (
					"$(inherited)",
					"@executable_path/Frameworks",
					"@loader_path/Frameworks",
				);
				PRODUCT_BUNDLE_IDENTIFIER = test.DJPlayerTests;
				PRODUCT_NAME = "$(TARGET_NAME)";
				TARGETED_DEVICE_FAMILY = "1,2";
				TEST_HOST = "$(BUILT_PRODUCTS_DIR)/DJPlayer.app/DJPlayer";
			};
			name = Release;
		};
		9253EB5C21AE8B5D000EEB24 /* Debug */ = {
			isa = XCBuildConfiguration;
			buildSettings = {
				CODE_SIGN_STYLE = Automatic;
				INFOPLIST_FILE = DJPlayerUITests/Info.plist;
				LD_RUNPATH_SEARCH_PATHS = (
					"$(inherited)",
					"@executable_path/Frameworks",
					"@loader_path/Frameworks",
				);
				PRODUCT_BUNDLE_IDENTIFIER = test.DJPlayerUITests;
				PRODUCT_NAME = "$(TARGET_NAME)";
				TARGETED_DEVICE_FAMILY = "1,2";
				TEST_TARGET_NAME = DJPlayer;
			};
			name = Debug;
		};
		9253EB5D21AE8B5D000EEB24 /* Release */ = {
			isa = XCBuildConfiguration;
			buildSettings = {
				CODE_SIGN_STYLE = Automatic;
				INFOPLIST_FILE = DJPlayerUITests/Info.plist;
				LD_RUNPATH_SEARCH_PATHS = (
					"$(inherited)",
					"@executable_path/Frameworks",
					"@loader_path/Frameworks",
				);
				PRODUCT_BUNDLE_IDENTIFIER = test.DJPlayerUITests;
				PRODUCT_NAME = "$(TARGET_NAME)";
				TARGETED_DEVICE_FAMILY = "1,2";
				TEST_TARGET_NAME = DJPlayer;
			};
			name = Release;
		};
/* End XCBuildConfiguration section */

/* Begin XCConfigurationList section */
		9253EB2421AE8B5B000EEB24 /* Build configuration list for PBXProject "DJPlayer" */ = {
			isa = XCConfigurationList;
			buildConfigurations = (
				9253EB5321AE8B5D000EEB24 /* Debug */,
				9253EB5421AE8B5D000EEB24 /* Release */,
			);
			defaultConfigurationIsVisible = 0;
			defaultConfigurationName = Release;
		};
		9253EB5521AE8B5D000EEB24 /* Build configuration list for PBXNativeTarget "DJPlayer" */ = {
			isa = XCConfigurationList;
			buildConfigurations = (
				9253EB5621AE8B5D000EEB24 /* Debug */,
				9253EB5721AE8B5D000EEB24 /* Release */,
			);
			defaultConfigurationIsVisible = 0;
			defaultConfigurationName = Release;
		};
		9253EB5821AE8B5D000EEB24 /* Build configuration list for PBXNativeTarget "DJPlayerTests" */ = {
			isa = XCConfigurationList;
			buildConfigurations = (
				9253EB5921AE8B5D000EEB24 /* Debug */,
				9253EB5A21AE8B5D000EEB24 /* Release */,
			);
			defaultConfigurationIsVisible = 0;
			defaultConfigurationName = Release;
		};
		9253EB5B21AE8B5D000EEB24 /* Build configuration list for PBXNativeTarget "DJPlayerUITests" */ = {
			isa = XCConfigurationList;
			buildConfigurations = (
				9253EB5C21AE8B5D000EEB24 /* Debug */,
				9253EB5D21AE8B5D000EEB24 /* Release */,
			);
			defaultConfigurationIsVisible = 0;
			defaultConfigurationName = Release;
		};
/* End XCConfigurationList section */
	};
	rootObject = 9253EB2121AE8B5B000EEB24 /* Project object */;
}
